<?xml version="1.0" encoding="utf-8"?>
<Project ToolsVersion="4.0" xmlns="http://schemas.microsoft.com/developer/msbuild/2003">
  <ItemGroup>
    <Filter Include="src">
      <UniqueIdentifier>{274706d3-950e-40cd-8465-ea203ee1d590}</UniqueIdentifier>
    </Filter>
    <Filter Include="src\engine">
      <UniqueIdentifier>{9dd127d3-b256-465b-b922-f5342d7ac5a7}</UniqueIdentifier>
    </Filter>
    <Filter Include="src\game">
      <UniqueIdentifier>{5c42204e-8395-49b2-8c32-2832342e8047}</UniqueIdentifier>
    </Filter>
  </ItemGroup>
  <ItemGroup>
    <ClInclude Include="src\engine\Bitmap.h">
      <Filter>src\engine</Filter>
    </ClInclude>
    <ClInclude Include="src\engine\DrawWindow.h">
      <Filter>src\engine</Filter>
    </ClInclude>
    <ClInclude Include="src\engine\Global.h">
      <Filter>src\engine</Filter>
    </ClInclude>
    <ClInclude Include="src\engine\Render.h">
      <Filter>src\engine</Filter>
    </ClInclude>
    <ClInclude Include="src\engine\RenderObject.h">
      <Filter>src\engine</Filter>
    </ClInclude>
    <ClInclude Include="src\engine\ResourceLoader.h">
      <Filter>src\engine</Filter>
    </ClInclude>
    <ClInclude Include="src\game\Brick.h">
      <Filter>src\game</Filter>
    </ClInclude>
    <ClInclude Include="src\game\CPUPaddle.h">
      <Filter>src\game</Filter>
    </ClInclude>
    <ClInclude Include="src\game\Game.h">
      <Filter>src\game</Filter>
    </ClInclude>
    <ClInclude Include="src\game\GameOverScreen.h">
      <Filter>src\game</Filter>
    </ClInclude>
    <ClInclude Include="src\game\Item.h">
      <Filter>src\game</Filter>
    </ClInclude>
    <ClInclude Include="src\game\Menu.h">
      <Filter>src\game</Filter>
    </ClInclude>
    <ClInclude Include="src\game\Notification.h">
      <Filter>src\game</Filter>
    </ClInclude>
    <ClInclude Include="src\game\PlayerPaddle.h">
      <Filter>src\game</Filter>
    </ClInclude>
    <ClInclude Include="src\game\ScoreKeeper.h">
      <Filter>src\game</Filter>
    </ClInclude>
    <ClInclude Include="src\game\Ball.h">
      <Filter>src\game</Filter>
    </ClInclude>
  </ItemGroup>
  <ItemGroup>
    <ClCompile Include="src\engine\Global.cpp">
      <Filter>src\engine</Filter>
    </ClCompile>
    <ClCompile Include="src\engine\Render.cpp">
      <Filter>src\engine</Filter>
    </ClCompile>
    <ClCompile Include="src\engine\ResourceLoader.cpp">
      <Filter>src\engine</Filter>
    </ClCompile>
    <ClCompile Include="src\engine\Bitmap.cpp">
      <Filter>src\engine</Filter>
    </ClCompile>
    <ClCompile Include="src\game\Brick.cpp">
      <Filter>src\game</Filter>
    </ClCompile>
    <ClCompile Include="src\game\CPUPaddle.cpp">
      <Filter>src\game</Filter>
    </ClCompile>
    <ClCompile Include="src\game\Game.cpp">
      <Filter>src\game</Filter>
    </ClCompile>
    <ClCompile Include="src\game\GameOverScreen.cpp">
      <Filter>src\game</Filter>
    </ClCompile>
    <ClCompile Include="src\game\Item.cpp">
      <Filter>src\game</Filter>
    </ClCompile>
    <ClCompile Include="src\game\Main.cpp">
      <Filter>src\game</Filter>
    </ClCompile>
    <ClCompile Include="src\game\Menu.cpp">
      <Filter>src\game</Filter>
    </ClCompile>
    <ClCompile Include="src\game\Notification.cpp">
      <Filter>src\game</Filter>
    </ClCompile>
    <ClCompile Include="src\game\PlayerPaddle.cpp">
      <Filter>src\game</Filter>
    </ClCompile>
    <ClCompile Include="src\game\ScoreKeeper.cpp">
      <Filter>src\game</Filter>
    </ClCompile>
    <ClCompile Include="src\game\Ball.cpp">
      <Filter>src\game</Filter>
    </ClCompile>
    <ClCompile Include="src\engine\DrawWindow_Win32.cpp">
      <Filter>src\engine</Filter>
    </ClCompile>
  </ItemGroup>
</Project>